
Microsoft Visual Studio Solution File, Format Version 12.00
# Visual Studio Version 16
VisualStudioVersion = 16.0.30907.101
MinimumVisualStudioVersion = 10.0.40219.1
Project("{FAE04EC0-301F-11D3-BF4B-00C04F79EFBC}") = "app-code", "app-code.csproj", "{3CD32BC3-3574-4787-8DB5-D4043DA39A10}"
EndProject
Global
	GlobalSection(SolutionConfigurationPlatforms) = preSolution
		Debug|Any CPU = Debug|Any CPU
		Release|Any CPU = Release|Any CPU
	EndGlobalSection
	GlobalSection(ProjectConfigurationPlatforms) = postSolution
		{3CD32BC3-3574-4787-8DB5-D4043DA39A10}.Debug|Any CPU.ActiveCfg = Debug|Any CPU
		{3CD32BC3-3574-4787-8DB5-D4043DA39A10}.Debug|Any CPU.Build.0 = Debug|Any CPU
		{3CD32BC3-3574-4787-8DB5-D4043DA39A10}.Release|Any CPU.ActiveCfg = Release|Any CPU
		{3CD32BC3-3574-4787-8DB5-D4043DA39A10}.Release|Any CPU.Build.0 = Release|Any CPU
	EndGlobalSection
	GlobalSection(SolutionProperties) = preSolution
		HideSolutionNode = FALSE
	EndGlobalSection
	GlobalSection(ExtensibilityGlobals) = postSolution
		SolutionGuid = {1A8DA31A-2468-49B9-BFF9-F140FD63E58B}
	EndGlobalSection
EndGlobal
